
Microsoft Visual Studio Solution File, Format Version 12.00
# Visual Studio Version 17
VisualStudioVersion = 17.8.34316.72
MinimumVisualStudioVersion = 10.0.40219.1
Project("{FAE04EC0-301F-11D3-BF4B-00C04F79EFBC}") = "Mecanika.API", "Mecanika.API\Mecanika.API.csproj", "{1050B54F-BD70-492C-9028-DA7B5C80DB3B}"
EndProject
Project("{2150E333-8FDC-42A3-9474-1A3956D46DE8}") = "1 - Presentation", "1 - Presentation", "{9A03E4D4-86F3-4538-9260-047C1FF3C1BC}"
EndProject
Global
	GlobalSection(SolutionConfigurationPlatforms) = preSolution
		Debug|Any CPU = Debug|Any CPU
		Release|Any CPU = Release|Any CPU
	EndGlobalSection
	GlobalSection(ProjectConfigurationPlatforms) = postSolution
		{1050B54F-BD70-492C-9028-DA7B5C80DB3B}.Debug|Any CPU.ActiveCfg = Debug|Any CPU
		{1050B54F-BD70-492C-9028-DA7B5C80DB3B}.Debug|Any CPU.Build.0 = Debug|Any CPU
		{1050B54F-BD70-492C-9028-DA7B5C80DB3B}.Release|Any CPU.ActiveCfg = Release|Any CPU
		{1050B54F-BD70-492C-9028-DA7B5C80DB3B}.Release|Any CPU.Build.0 = Release|Any CPU
	EndGlobalSection
	GlobalSection(SolutionProperties) = preSolution
		HideSolutionNode = FALSE
	EndGlobalSection
	GlobalSection(NestedProjects) = preSolution
		{1050B54F-BD70-492C-9028-DA7B5C80DB3B} = {9A03E4D4-86F3-4538-9260-047C1FF3C1BC}
	EndGlobalSection
	GlobalSection(ExtensibilityGlobals) = postSolution
		SolutionGuid = {6A8F43EA-EEBB-4876-BA5A-EC1C52C7CA1B}
	EndGlobalSection
EndGlobal
